
Microsoft Visual Studio Solution File, Format Version 12.00
# Visual Studio Version 16
VisualStudioVersion = 16.0.30523.141
MinimumVisualStudioVersion = 10.0.40219.1
Project("{9092AA53-FB77-4645-B42D-1CCCA6BD08BD}") = "integrity-home", "integrity-home.njsproj", "{8F6BE63D-92C1-4D96-92A2-70F5525BF157}"
EndProject
Global
	GlobalSection(SolutionConfigurationPlatforms) = preSolution
		Debug|Any CPU = Debug|Any CPU
		Release|Any CPU = Release|Any CPU
	EndGlobalSection
	GlobalSection(ProjectConfigurationPlatforms) = postSolution
		{8F6BE63D-92C1-4D96-92A2-70F5525BF157}.Debug|Any CPU.ActiveCfg = Debug|Any CPU
		{8F6BE63D-92C1-4D96-92A2-70F5525BF157}.Debug|Any CPU.Build.0 = Debug|Any CPU
		{8F6BE63D-92C1-4D96-92A2-70F5525BF157}.Release|Any CPU.ActiveCfg = Release|Any CPU
		{8F6BE63D-92C1-4D96-92A2-70F5525BF157}.Release|Any CPU.Build.0 = Release|Any CPU
	EndGlobalSection
	GlobalSection(SolutionProperties) = preSolution
		HideSolutionNode = FALSE
	EndGlobalSection
	GlobalSection(ExtensibilityGlobals) = postSolution
		SolutionGuid = {C721ED6D-C662-4E88-A5EB-08E38CC498D2}
	EndGlobalSection
EndGlobal
